
Microsoft Visual Studio Solution File, Format Version 12.00
# Visual Studio Version 17
VisualStudioVersion = 17.5.002.0
MinimumVisualStudioVersion = 10.0.40219.1
Project("{9A19103F-16F7-4668-BE54-9A1E7A4F7556}") = "app", "app.csproj", "{B18A5ECC-54AD-4780-86C0-96C37FEB9B56}"
EndProject
Global
	GlobalSection(SolutionConfigurationPlatforms) = preSolution
		Debug|Any CPU = Debug|Any CPU
		Release|Any CPU = Release|Any CPU
	EndGlobalSection
	GlobalSection(ProjectConfigurationPlatforms) = postSolution
		{B18A5ECC-54AD-4780-86C0-96C37FEB9B56}.Debug|Any CPU.ActiveCfg = Debug|Any CPU
		{B18A5ECC-54AD-4780-86C0-96C37FEB9B56}.Debug|Any CPU.Build.0 = Debug|Any CPU
		{B18A5ECC-54AD-4780-86C0-96C37FEB9B56}.Release|Any CPU.ActiveCfg = Release|Any CPU
		{B18A5ECC-54AD-4780-86C0-96C37FEB9B56}.Release|Any CPU.Build.0 = Release|Any CPU
	EndGlobalSection
	GlobalSection(SolutionProperties) = preSolution
		HideSolutionNode = FALSE
	EndGlobalSection
	GlobalSection(ExtensibilityGlobals) = postSolution
		SolutionGuid = {B323EDB6-04FE-4E74-BF45-8D1FF79DAFF2}
	EndGlobalSection
EndGlobal
